
Microsoft Visual Studio Solution File, Format Version 12.00
# Visual Studio Version 16
VisualStudioVersion = 16.0.29613.14
MinimumVisualStudioVersion = 10.0.40219.1
Project("{FAE04EC0-301F-11D3-BF4B-00C04F79EFBC}") = "CordysCodeTestAdminApp", "CordysCodeTestAdminApp\CordysCodeTestAdminApp.csproj", "{4578659A-ED62-4FA3-A9A3-E73921A59EA3}"
EndProject
Project("{54435603-DBB4-11D2-8724-00A0C9A8B90C}") = "CordysCodeTestSetup", "CordysCodeTestSetup\CordysCodeTestSetup.vdproj", "{FEA98D5D-B6F6-4E42-A069-BFF6D6991035}"
EndProject
Global
	GlobalSection(SolutionConfigurationPlatforms) = preSolution
		Debug|Any CPU = Debug|Any CPU
		Release|Any CPU = Release|Any CPU
	EndGlobalSection
	GlobalSection(ProjectConfigurationPlatforms) = postSolution
		{4578659A-ED62-4FA3-A9A3-E73921A59EA3}.Debug|Any CPU.ActiveCfg = Debug|Any CPU
		{4578659A-ED62-4FA3-A9A3-E73921A59EA3}.Debug|Any CPU.Build.0 = Debug|Any CPU
		{4578659A-ED62-4FA3-A9A3-E73921A59EA3}.Release|Any CPU.ActiveCfg = Release|Any CPU
		{4578659A-ED62-4FA3-A9A3-E73921A59EA3}.Release|Any CPU.Build.0 = Release|Any CPU
		{FEA98D5D-B6F6-4E42-A069-BFF6D6991035}.Debug|Any CPU.ActiveCfg = Debug
		{FEA98D5D-B6F6-4E42-A069-BFF6D6991035}.Release|Any CPU.ActiveCfg = Release
	EndGlobalSection
	GlobalSection(SolutionProperties) = preSolution
		HideSolutionNode = FALSE
	EndGlobalSection
	GlobalSection(ExtensibilityGlobals) = postSolution
		SolutionGuid = {84D7A28E-97F2-41A5-9949-903FD93FD221}
	EndGlobalSection
EndGlobal
